<?xml version="1.0" encoding="utf-8"?>
<Project ToolsVersion="4.0" xmlns="http://schemas.microsoft.com/developer/msbuild/2003">
  <ItemGroup>
    <Filter Include="Source Files">
      <UniqueIdentifier>{91f6a695-124a-4ee0-9edc-d55497826b46}</UniqueIdentifier>
      <Extensions>cpp;c;cxx;rc;def;r;odl;idl;hpj;bat</Extensions>
    </Filter>
    <Filter Include="Header Files">
      <UniqueIdentifier>{1df28231-2d78-45dc-88dd-271ab6634fe5}</UniqueIdentifier>
      <Extensions>h;hpp;hxx;hm;inl</Extensions>
    </Filter>
    <Filter Include="Resource Files">
      <UniqueIdentifier>{3c08abbd-5d23-4294-99f6-8dca9641349c}</UniqueIdentifier>
      <Extensions>ico;cur;bmp;dlg;rc2;rct;bin;rgs;gif;jpg;jpeg;jpe</Extensions>
    </Filter>
  </ItemGroup>
  <ItemGroup>
    <ClCompile Include="ChildFrm.cpp">
      <Filter>Source Files</Filter>
    </ClCompile>
    <ClCompile Include="ConfigNeurone.cpp">
      <Filter>Source Files</Filter>
    </ClCompile>
    <ClCompile Include="Courbe.cpp">
      <Filter>Source Files</Filter>
    </ClCompile>
    <ClCompile Include="DaliogProgression.cpp">
      <Filter>Source Files</Filter>
    </ClCompile>
    <ClCompile Include="Decid.cpp">
      <Filter>Source Files</Filter>
    </ClCompile>
    <ClCompile Include="DemChaine.cpp">
      <Filter>Source Files</Filter>
    </ClCompile>
    <ClCompile Include="DialApprend.cpp">
      <Filter>Source Files</Filter>
    </ClCompile>
    <ClCompile Include="DialBoosting.cpp">
      <Filter>Source Files</Filter>
    </ClCompile>
    <ClCompile Include="DialChoixClass.cpp">
      <Filter>Source Files</Filter>
    </ClCompile>
    <ClCompile Include="DialConfigPoly.cpp">
      <Filter>Source Files</Filter>
    </ClCompile>
    <ClCompile Include="DialGauss1.cpp">
      <Filter>Source Files</Filter>
    </ClCompile>
    <ClCompile Include="Dialog2Val.cpp">
      <Filter>Source Files</Filter>
    </ClCompile>
    <ClCompile Include="DialResultImplan.cpp">
      <Filter>Source Files</Filter>
    </ClCompile>
    <ClCompile Include="DialVam.cpp">
      <Filter>Source Files</Filter>
    </ClCompile>
    <ClCompile Include="GenGauss.cpp">
      <Filter>Source Files</Filter>
    </ClCompile>
    <ClCompile Include="MainFrm.cpp">
      <Filter>Source Files</Filter>
    </ClCompile>
    <ClCompile Include="StdAfx.cpp">
      <Filter>Source Files</Filter>
    </ClCompile>
    <ClCompile Include="SVMParametres1.cpp">
      <Filter>Source Files</Filter>
    </ClCompile>
    <ClCompile Include="TreeConfig.cpp">
      <Filter>Source Files</Filter>
    </ClCompile>
    <ClCompile Include="CRandomForestSettingsDialog.cpp">
      <Filter>Source Files</Filter>
    </ClCompile>
    <ClCompile Include="CFileDialogCustom.cpp">
      <Filter>Source Files</Filter>
    </ClCompile>
    <ClCompile Include="CDialSlider.cpp">
      <Filter>Source Files</Filter>
    </ClCompile>
    <ClCompile Include="CDialConfigGen.cpp">
      <Filter>Source Files</Filter>
    </ClCompile>
    <ClCompile Include="DonneeFloatMod.cpp">
      <Filter>Source Files</Filter>
    </ClCompile>
    <ClCompile Include="CDialSegmentationLive.cpp">
      <Filter>Source Files</Filter>
    </ClCompile>
  </ItemGroup>
  <ItemGroup>
    <ResourceCompile Include="Decid.rc">
      <Filter>Source Files</Filter>
    </ResourceCompile>
  </ItemGroup>
  <ItemGroup>
    <ClInclude Include="ChildFrm.h">
      <Filter>Header Files</Filter>
    </ClInclude>
    <ClInclude Include="ConfigNeurone.h">
      <Filter>Header Files</Filter>
    </ClInclude>
    <ClInclude Include="Courbe.h">
      <Filter>Header Files</Filter>
    </ClInclude>
    <ClInclude Include="DaliogProgression.h">
      <Filter>Header Files</Filter>
    </ClInclude>
    <ClInclude Include="Decid.h">
      <Filter>Header Files</Filter>
    </ClInclude>
    <ClInclude Include="DemChaine.h">
      <Filter>Header Files</Filter>
    </ClInclude>
    <ClInclude Include="DialApprend.h">
      <Filter>Header Files</Filter>
    </ClInclude>
    <ClInclude Include="DialBoosting.h">
      <Filter>Header Files</Filter>
    </ClInclude>
    <ClInclude Include="DialChoixClass.h">
      <Filter>Header Files</Filter>
    </ClInclude>
    <ClInclude Include="DialGauss1.h">
      <Filter>Header Files</Filter>
    </ClInclude>
    <ClInclude Include="Dialog2Val.h">
      <Filter>Header Files</Filter>
    </ClInclude>
    <ClInclude Include="DialResultImplan.h">
      <Filter>Header Files</Filter>
    </ClInclude>
    <ClInclude Include="DialVam.h">
      <Filter>Header Files</Filter>
    </ClInclude>
    <ClInclude Include="GenGauss.h">
      <Filter>Header Files</Filter>
    </ClInclude>
    <ClInclude Include="MainFrm.h">
      <Filter>Header Files</Filter>
    </ClInclude>
    <ClInclude Include="Resource.h">
      <Filter>Header Files</Filter>
    </ClInclude>
    <ClInclude Include="StdAfx.h">
      <Filter>Header Files</Filter>
    </ClInclude>
    <ClInclude Include="SVMParametres1.h">
      <Filter>Header Files</Filter>
    </ClInclude>
    <ClInclude Include="TreeConfig.h">
      <Filter>Header Files</Filter>
    </ClInclude>
    <ClInclude Include="CRandomForestSettingsDialog.h">
      <Filter>Header Files</Filter>
    </ClInclude>
    <ClInclude Include="CFileDialogCustom.h">
      <Filter>Header Files</Filter>
    </ClInclude>
    <ClInclude Include="CDialSlider.h">
      <Filter>Header Files</Filter>
    </ClInclude>
    <ClInclude Include="CMultiClassBoost.h">
      <Filter>Header Files</Filter>
    </ClInclude>
    <ClInclude Include="CDialConfigGen.h">
      <Filter>Header Files</Filter>
    </ClInclude>
    <ClInclude Include="DialConfigPoly.h">
      <Filter>Header Files</Filter>
    </ClInclude>
    <ClInclude Include="CDialSegmentationLive.h">
      <Filter>Header Files</Filter>
    </ClInclude>
    <ClInclude Include="DonneeFloatMod.h">
      <Filter>Header Files</Filter>
    </ClInclude>
  </ItemGroup>
  <ItemGroup>
    <Image Include="res\bitmaptr.bmp">
      <Filter>Resource Files</Filter>
    </Image>
    <Image Include="res\Decid.ico">
      <Filter>Resource Files</Filter>
    </Image>
    <Image Include="res\icon1.ico">
      <Filter>Resource Files</Filter>
    </Image>
    <Image Include="res\Toolbar.bmp">
      <Filter>Resource Files</Filter>
    </Image>
  </ItemGroup>
  <ItemGroup>
    <None Include="res\cursor1.cur">
      <Filter>Resource Files</Filter>
    </None>
    <None Include="res\cursor2.cur">
      <Filter>Resource Files</Filter>
    </None>
    <None Include="res\cursor3.cur">
      <Filter>Resource Files</Filter>
    </None>
    <None Include="res\cursor4.cur">
      <Filter>Resource Files</Filter>
    </None>
    <None Include="res\cursor5.cur">
      <Filter>Resource Files</Filter>
    </None>
    <None Include="res\Decid.rc2">
      <Filter>Resource Files</Filter>
    </None>
  </ItemGroup>
  <ItemGroup>
    <Text Include="ReadMe.txt" />
  </ItemGroup>
</Project>